<?xml version="1.0" encoding="utf-8"?>
<Project ToolsVersion="4.0" xmlns="http://schemas.microsoft.com/developer/msbuild/2003">
  <ItemGroup>
    <Filter Include="资源文件">
      <UniqueIdentifier>{67DA6AB6-F800-4c08-8B7A-83BB121AAD01}</UniqueIdentifier>
      <Extensions>rc;ico;cur;bmp;dlg;rc2;rct;bin;rgs;gif;jpg;jpeg;jpe;resx;tiff;tif;png;wav;mfcribbon-ms</Extensions>
    </Filter>
    <Filter Include="Comm">
      <UniqueIdentifier>{3b34ac33-bd01-417d-89f1-5f96d430ca56}</UniqueIdentifier>
    </Filter>
    <Filter Include="Comm\CommListener">
      <UniqueIdentifier>{fe89750a-13fa-4f1e-a944-7a24ca11b1f5}</UniqueIdentifier>
    </Filter>
    <Filter Include="Comm\CommProtocolConverter">
      <UniqueIdentifier>{55f006a2-bb12-469f-a8b9-b1323804578d}</UniqueIdentifier>
    </Filter>
    <Filter Include="My">
      <UniqueIdentifier>{c84d4a32-4ca5-417e-8412-2fc68c2eec65}</UniqueIdentifier>
    </Filter>
    <Filter Include="UI">
      <UniqueIdentifier>{a72b18df-e855-4d04-8887-8bd588abfade}</UniqueIdentifier>
    </Filter>
    <Filter Include="Include">
      <UniqueIdentifier>{49fd43a0-a3ac-4b7e-8343-32744397d4e7}</UniqueIdentifier>
    </Filter>
    <Filter Include="Base">
      <UniqueIdentifier>{93995380-89BD-4b04-88EB-625FBE52EBFB}</UniqueIdentifier>
      <Extensions>h;hh;hpp;hxx;hm;inl;inc;ipp;xsd</Extensions>
    </Filter>
    <Filter Include="UI\MainDialog">
      <UniqueIdentifier>{8c7b28ab-d513-45a5-b0eb-8e9110915980}</UniqueIdentifier>
    </Filter>
    <Filter Include="Test">
      <UniqueIdentifier>{1fbd9104-6ce5-4ac9-ad9c-b6c64f78da81}</UniqueIdentifier>
    </Filter>
    <Filter Include="UI\SettingDialog">
      <UniqueIdentifier>{0f8444e9-7c02-4a54-9859-3ceb9afef15f}</UniqueIdentifier>
    </Filter>
    <Filter Include="UI\AdvDbgDialog">
      <UniqueIdentifier>{227d70a3-565c-41ac-aa7c-aef68fb6b102}</UniqueIdentifier>
    </Filter>
    <Filter Include="UI\CustomCtrl">
      <UniqueIdentifier>{c731a32d-188a-4a1e-b1d3-4af612c95937}</UniqueIdentifier>
    </Filter>
    <Filter Include="UI\CommandDialog">
      <UniqueIdentifier>{778f551f-ad9e-4418-b7be-a122af02e1b2}</UniqueIdentifier>
    </Filter>
  </ItemGroup>
  <ItemGroup>
    <ClInclude Include="Resource.h">
      <Filter>Base</Filter>
    </ClInclude>
    <ClInclude Include="Comm.h">
      <Filter>Comm</Filter>
    </ClInclude>
    <ClInclude Include="MyLog.h">
      <Filter>My</Filter>
    </ClInclude>
    <ClInclude Include="MyString.h">
      <Filter>My</Filter>
    </ClInclude>
    <ClInclude Include="MyThread.h">
      <Filter>My</Filter>
    </ClInclude>
    <ClInclude Include="MyConverterHeadFile.h">
      <Filter>Comm</Filter>
    </ClInclude>
    <ClInclude Include="MyListenerHeadFile.h">
      <Filter>Comm</Filter>
    </ClInclude>
    <ClInclude Include="ListenerBoardcast.h">
      <Filter>Comm</Filter>
    </ClInclude>
    <ClInclude Include="ConverterBoardcast.h">
      <Filter>Comm</Filter>
    </ClInclude>
    <ClInclude Include="DataPacket.h">
      <Filter>Comm</Filter>
    </ClInclude>
    <ClInclude Include="App.h">
      <Filter>UI</Filter>
    </ClInclude>
    <ClInclude Include="MyFlow.h">
      <Filter>My</Filter>
    </ClInclude>
    <ClInclude Include="MyNet.h">
      <Filter>My</Filter>
    </ClInclude>
    <ClInclude Include="MyConfig.h">
      <Filter>My</Filter>
    </ClInclude>
    <ClInclude Include="Serial.h">
      <Filter>Include</Filter>
    </ClInclude>
    <ClInclude Include="enumcd.h">
      <Filter>Include</Filter>
    </ClInclude>
    <ClInclude Include="UsbPort.h">
      <Filter>Include</Filter>
    </ClInclude>
    <ClInclude Include="MyLocker.h">
      <Filter>My</Filter>
    </ClInclude>
    <ClInclude Include="MyDefine.h">
      <Filter>My</Filter>
    </ClInclude>
    <ClInclude Include="MyControl.h">
      <Filter>My</Filter>
    </ClInclude>
    <ClInclude Include="MyImage.h">
      <Filter>My</Filter>
    </ClInclude>
    <ClInclude Include="MainControl.h">
      <Filter>UI\MainDialog</Filter>
    </ClInclude>
    <ClInclude Include="MainDialog.h">
      <Filter>UI\MainDialog</Filter>
    </ClInclude>
    <ClInclude Include="MainDialogCtrlValidity.h">
      <Filter>UI\MainDialog</Filter>
    </ClInclude>
    <ClInclude Include="targetver.h">
      <Filter>Base</Filter>
    </ClInclude>
    <ClInclude Include="strings.h">
      <Filter>Base</Filter>
    </ClInclude>
    <ClInclude Include="stdafx.h">
      <Filter>Base</Filter>
    </ClInclude>
    <ClInclude Include="CommTest.h">
      <Filter>Test</Filter>
    </ClInclude>
    <ClInclude Include="Test.h">
      <Filter>Test</Filter>
    </ClInclude>
    <ClInclude Include="MyTest.h">
      <Filter>Test</Filter>
    </ClInclude>
    <ClInclude Include="UITest.h">
      <Filter>Test</Filter>
    </ClInclude>
    <ClInclude Include="SettingCommonPage.h">
      <Filter>UI\SettingDialog</Filter>
    </ClInclude>
    <ClInclude Include="SettingUpdatePage.h">
      <Filter>UI\SettingDialog</Filter>
    </ClInclude>
    <ClInclude Include="MyFile.h">
      <Filter>My</Filter>
    </ClInclude>
    <ClInclude Include="TabsDialog.h">
      <Filter>UI\CustomCtrl</Filter>
    </ClInclude>
    <ClInclude Include="AdvancedDebugDialog.h">
      <Filter>UI\AdvDbgDialog</Filter>
    </ClInclude>
    <ClInclude Include="MyMsgQueue.h">
      <Filter>My</Filter>
    </ClInclude>
    <ClInclude Include="CommandDialog.h">
      <Filter>UI\CustomCtrl</Filter>
    </ClInclude>
    <ClInclude Include="CommandListDialog.h">
      <Filter>UI\CommandDialog</Filter>
    </ClInclude>
    <ClInclude Include="TempDialog.h">
      <Filter>UI\CommandDialog</Filter>
    </ClInclude>
  </ItemGroup>
  <ItemGroup>
    <ClCompile Include="RequestConverterGD32F30.cpp">
      <Filter>Comm\CommProtocolConverter</Filter>
    </ClCompile>
    <ClCompile Include="ResponseConverterGD32F30.cpp">
      <Filter>Comm\CommProtocolConverter</Filter>
    </ClCompile>
    <ClCompile Include="Comm.cpp">
      <Filter>Comm</Filter>
    </ClCompile>
    <ClCompile Include="MyLog.cpp">
      <Filter>My</Filter>
    </ClCompile>
    <ClCompile Include="MyThread.cpp">
      <Filter>My</Filter>
    </ClCompile>
    <ClCompile Include="MyString.cpp">
      <Filter>My</Filter>
    </ClCompile>
    <ClCompile Include="ResponseConverterLOG.cpp">
      <Filter>Comm\CommProtocolConverter</Filter>
    </ClCompile>
    <ClCompile Include="ListenerBoardcast.cpp">
      <Filter>Comm</Filter>
    </ClCompile>
    <ClCompile Include="ConverterBoardcast.cpp">
      <Filter>Comm</Filter>
    </ClCompile>
    <ClCompile Include="DataPacket.cpp">
      <Filter>Comm</Filter>
    </ClCompile>
    <ClCompile Include="App.cpp">
      <Filter>UI</Filter>
    </ClCompile>
    <ClCompile Include="RequestConverterSyno.cpp">
      <Filter>Comm\CommProtocolConverter</Filter>
    </ClCompile>
    <ClCompile Include="ResponseConverterSyno.cpp">
      <Filter>Comm\CommProtocolConverter</Filter>
    </ClCompile>
    <ClCompile Include="Syno.cpp">
      <Filter>Comm\CommListener</Filter>
    </ClCompile>
    <ClCompile Include="MyFlow.cpp">
      <Filter>My</Filter>
    </ClCompile>
    <ClCompile Include="MyNet.cpp">
      <Filter>My</Filter>
    </ClCompile>
    <ClCompile Include="MyConfig.cpp">
      <Filter>My</Filter>
    </ClCompile>
    <ClCompile Include="enumcd.cpp">
      <Filter>Include</Filter>
    </ClCompile>
    <ClCompile Include="Serial.cpp">
      <Filter>Include</Filter>
    </ClCompile>
    <ClCompile Include="UsbPort.cpp">
      <Filter>Include</Filter>
    </ClCompile>
    <ClCompile Include="MyLocker.cpp">
      <Filter>My</Filter>
    </ClCompile>
    <ClCompile Include="MyControl.cpp">
      <Filter>My</Filter>
    </ClCompile>
    <ClCompile Include="MyImage.cpp">
      <Filter>My</Filter>
    </ClCompile>
    <ClCompile Include="MainControl.cpp">
      <Filter>UI\MainDialog</Filter>
    </ClCompile>
    <ClCompile Include="MainDialog.cpp">
      <Filter>UI\MainDialog</Filter>
    </ClCompile>
    <ClCompile Include="MainDialogCtrlValidity.cpp">
      <Filter>UI\MainDialog</Filter>
    </ClCompile>
    <ClCompile Include="MainDialog_Communication.cpp">
      <Filter>UI\MainDialog</Filter>
    </ClCompile>
    <ClCompile Include="MainDialog_ImageManager.cpp">
      <Filter>UI\MainDialog</Filter>
    </ClCompile>
    <ClCompile Include="MainDialog_Protocol.cpp">
      <Filter>UI\MainDialog</Filter>
    </ClCompile>
    <ClCompile Include="MainDialog_EnrollMatch.cpp">
      <Filter>UI\MainDialog</Filter>
    </ClCompile>
    <ClCompile Include="MainDialog_RWRegister.cpp">
      <Filter>UI\MainDialog</Filter>
    </ClCompile>
    <ClCompile Include="MainDialog_Other.cpp">
      <Filter>UI\MainDialog</Filter>
    </ClCompile>
    <ClCompile Include="GD32F30.cpp">
      <Filter>Comm\CommListener</Filter>
    </ClCompile>
    <ClCompile Include="LOG.cpp">
      <Filter>Comm\CommListener</Filter>
    </ClCompile>
    <ClCompile Include="stdafx.cpp">
      <Filter>Base</Filter>
    </ClCompile>
    <ClCompile Include="CommTest.cpp">
      <Filter>Test</Filter>
    </ClCompile>
    <ClCompile Include="Test.cpp">
      <Filter>Test</Filter>
    </ClCompile>
    <ClCompile Include="MyTest.cpp">
      <Filter>Test</Filter>
    </ClCompile>
    <ClCompile Include="UITest.cpp">
      <Filter>Test</Filter>
    </ClCompile>
    <ClCompile Include="SettingCommonPage.cpp">
      <Filter>UI\SettingDialog</Filter>
    </ClCompile>
    <ClCompile Include="SettingUpdatePage.cpp">
      <Filter>UI\SettingDialog</Filter>
    </ClCompile>
    <ClCompile Include="MyFile.cpp">
      <Filter>My</Filter>
    </ClCompile>
    <ClCompile Include="TabsDialog.cpp">
      <Filter>UI\CustomCtrl</Filter>
    </ClCompile>
    <ClCompile Include="AdvancedDebugDialog.cpp">
      <Filter>UI\AdvDbgDialog</Filter>
    </ClCompile>
    <ClCompile Include="MyMsgQueue.cpp">
      <Filter>My</Filter>
    </ClCompile>
    <ClCompile Include="CommandDialog.cpp">
      <Filter>UI\CustomCtrl</Filter>
    </ClCompile>
    <ClCompile Include="CommandListDialog.cpp">
      <Filter>UI\CommandDialog</Filter>
    </ClCompile>
    <ClCompile Include="TempDialog.cpp">
      <Filter>UI\CommandDialog</Filter>
    </ClCompile>
  </ItemGroup>
  <ItemGroup>
    <Image Include="res\test_finger.ico">
      <Filter>资源文件</Filter>
    </Image>
  </ItemGroup>
  <ItemGroup>
    <ResourceCompile Include="test_finger.rc">
      <Filter>资源文件</Filter>
    </ResourceCompile>
  </ItemGroup>
  <ItemGroup>
    <None Include="res\test_finger.rc2">
      <Filter>资源文件</Filter>
    </None>
    <None Include="cpp.hint" />
  </ItemGroup>
</Project>