<?xml version="1.0" encoding="utf-8"?>
<Project ToolsVersion="4.0" xmlns="http://schemas.microsoft.com/developer/msbuild/2003">
  <ItemGroup>
    <Filter Include="源文件">
      <UniqueIdentifier>{4FC737F1-C7A5-4376-A066-2A32D752A2FF}</UniqueIdentifier>
      <Extensions>cpp;c;cc;cxx;def;odl;idl;hpj;bat;asm;asmx</Extensions>
    </Filter>
    <Filter Include="头文件">
      <UniqueIdentifier>{93995380-89BD-4b04-88EB-625FBE52EBFB}</UniqueIdentifier>
      <Extensions>h;hh;hpp;hxx;hm;inl;inc;ipp;xsd</Extensions>
    </Filter>
    <Filter Include="资源文件">
      <UniqueIdentifier>{67DA6AB6-F800-4c08-8B7A-83BB121AAD01}</UniqueIdentifier>
      <Extensions>rc;ico;cur;bmp;dlg;rc2;rct;bin;rgs;gif;jpg;jpeg;jpe;resx;tiff;tif;png;wav;mfcribbon-ms</Extensions>
    </Filter>
    <Filter Include="Comm">
      <UniqueIdentifier>{3b34ac33-bd01-417d-89f1-5f96d430ca56}</UniqueIdentifier>
    </Filter>
    <Filter Include="Comm\CommListener">
      <UniqueIdentifier>{fe89750a-13fa-4f1e-a944-7a24ca11b1f5}</UniqueIdentifier>
    </Filter>
    <Filter Include="Comm\CommProtocolConverter">
      <UniqueIdentifier>{55f006a2-bb12-469f-a8b9-b1323804578d}</UniqueIdentifier>
    </Filter>
    <Filter Include="My">
      <UniqueIdentifier>{c84d4a32-4ca5-417e-8412-2fc68c2eec65}</UniqueIdentifier>
    </Filter>
    <Filter Include="UI">
      <UniqueIdentifier>{a72b18df-e855-4d04-8887-8bd588abfade}</UniqueIdentifier>
    </Filter>
    <Filter Include="Include">
      <UniqueIdentifier>{49fd43a0-a3ac-4b7e-8343-32744397d4e7}</UniqueIdentifier>
    </Filter>
  </ItemGroup>
  <ItemGroup>
    <ClInclude Include="stdafx.h">
      <Filter>头文件</Filter>
    </ClInclude>
    <ClInclude Include="targetver.h">
      <Filter>头文件</Filter>
    </ClInclude>
    <ClInclude Include="Resource.h">
      <Filter>头文件</Filter>
    </ClInclude>
    <ClInclude Include="algo.h">
      <Filter>头文件</Filter>
    </ClInclude>
    <ClInclude Include="str4err_warn.h">
      <Filter>头文件</Filter>
    </ClInclude>
    <ClInclude Include="Comm.h">
      <Filter>Comm</Filter>
    </ClInclude>
    <ClInclude Include="MyLog.h">
      <Filter>My</Filter>
    </ClInclude>
    <ClInclude Include="MyString.h">
      <Filter>My</Filter>
    </ClInclude>
    <ClInclude Include="MyThread.h">
      <Filter>My</Filter>
    </ClInclude>
    <ClInclude Include="MyControl.h">
      <Filter>My</Filter>
    </ClInclude>
    <ClInclude Include="MyConverterHeadFile.h">
      <Filter>Comm</Filter>
    </ClInclude>
    <ClInclude Include="MyListenerHeadFile.h">
      <Filter>Comm</Filter>
    </ClInclude>
    <ClInclude Include="ListenerBoardcast.h">
      <Filter>Comm</Filter>
    </ClInclude>
    <ClInclude Include="ConverterBoardcast.h">
      <Filter>Comm</Filter>
    </ClInclude>
    <ClInclude Include="DataPacket.h">
      <Filter>Comm</Filter>
    </ClInclude>
    <ClInclude Include="App.h">
      <Filter>UI</Filter>
    </ClInclude>
    <ClInclude Include="MainDialog.h">
      <Filter>UI</Filter>
    </ClInclude>
    <ClInclude Include="AdvancedDebugDialog.h">
      <Filter>UI</Filter>
    </ClInclude>
    <ClInclude Include="MyFlow.h">
      <Filter>My</Filter>
    </ClInclude>
    <ClInclude Include="ControlAvailability.h">
      <Filter>源文件</Filter>
    </ClInclude>
    <ClInclude Include="MyNet.h">
      <Filter>My</Filter>
    </ClInclude>
    <ClInclude Include="MyConfig.h">
      <Filter>My</Filter>
    </ClInclude>
    <ClInclude Include="SettingDialog.h">
      <Filter>UI</Filter>
    </ClInclude>
    <ClInclude Include="Serial.h">
      <Filter>Include</Filter>
    </ClInclude>
    <ClInclude Include="enumcd.h">
      <Filter>Include</Filter>
    </ClInclude>
    <ClInclude Include="UsbPort.h">
      <Filter>Include</Filter>
    </ClInclude>
  </ItemGroup>
  <ItemGroup>
    <ClCompile Include="stdafx.cpp">
      <Filter>源文件</Filter>
    </ClCompile>
    <ClCompile Include="algo.cpp">
      <Filter>源文件</Filter>
    </ClCompile>
    <ClCompile Include="RequestConverterGD32F30.cpp">
      <Filter>Comm\CommProtocolConverter</Filter>
    </ClCompile>
    <ClCompile Include="RequestConverterACH512.cpp">
      <Filter>Comm\CommProtocolConverter</Filter>
    </ClCompile>
    <ClCompile Include="ResponseConverterGD32F30.cpp">
      <Filter>Comm\CommProtocolConverter</Filter>
    </ClCompile>
    <ClCompile Include="Comm.cpp">
      <Filter>Comm</Filter>
    </ClCompile>
    <ClCompile Include="ControlAvailability.cpp">
      <Filter>源文件</Filter>
    </ClCompile>
    <ClCompile Include="MyLog.cpp">
      <Filter>My</Filter>
    </ClCompile>
    <ClCompile Include="MyThread.cpp">
      <Filter>My</Filter>
    </ClCompile>
    <ClCompile Include="MyControl.cpp">
      <Filter>My</Filter>
    </ClCompile>
    <ClCompile Include="MyString.cpp">
      <Filter>My</Filter>
    </ClCompile>
    <ClCompile Include="ResponseConverterLOG.cpp">
      <Filter>Comm\CommProtocolConverter</Filter>
    </ClCompile>
    <ClCompile Include="ListenerBoardcast.cpp">
      <Filter>Comm</Filter>
    </ClCompile>
    <ClCompile Include="ConverterBoardcast.cpp">
      <Filter>Comm</Filter>
    </ClCompile>
    <ClCompile Include="DataPacket.cpp">
      <Filter>Comm</Filter>
    </ClCompile>
    <ClCompile Include="App.cpp">
      <Filter>UI</Filter>
    </ClCompile>
    <ClCompile Include="MainDialog.cpp">
      <Filter>UI</Filter>
    </ClCompile>
    <ClCompile Include="AdvancedDebugDialog.cpp">
      <Filter>UI</Filter>
    </ClCompile>
    <ClCompile Include="CmdCodeLOG.cpp">
      <Filter>Comm\CommListener</Filter>
    </ClCompile>
    <ClCompile Include="CmdCodeGD32F30.cpp">
      <Filter>Comm\CommListener</Filter>
    </ClCompile>
    <ClCompile Include="ASFComm.cpp">
      <Filter>Comm\CommListener</Filter>
    </ClCompile>
    <ClCompile Include="ResponseConverterASFComm.cpp">
      <Filter>Comm\CommProtocolConverter</Filter>
    </ClCompile>
    <ClCompile Include="RequestConverterASFComm.cpp">
      <Filter>Comm\CommProtocolConverter</Filter>
    </ClCompile>
    <ClCompile Include="RequestConverterSyno.cpp">
      <Filter>Comm\CommProtocolConverter</Filter>
    </ClCompile>
    <ClCompile Include="ResponseConverterSyno.cpp">
      <Filter>Comm\CommProtocolConverter</Filter>
    </ClCompile>
    <ClCompile Include="Syno.cpp">
      <Filter>Comm\CommListener</Filter>
    </ClCompile>
    <ClCompile Include="MyFlow.cpp">
      <Filter>My</Filter>
    </ClCompile>
    <ClCompile Include="MyNet.cpp">
      <Filter>My</Filter>
    </ClCompile>
    <ClCompile Include="MyConfig.cpp">
      <Filter>My</Filter>
    </ClCompile>
    <ClCompile Include="SettingDialog.cpp">
      <Filter>UI</Filter>
    </ClCompile>
    <ClCompile Include="SuUSB.cpp">
      <Filter>Comm\CommListener</Filter>
    </ClCompile>
    <ClCompile Include="RequestConverterSuUSB.cpp">
      <Filter>Comm\CommProtocolConverter</Filter>
    </ClCompile>
    <ClCompile Include="ResponseConverterSuUSB.cpp">
      <Filter>Comm\CommProtocolConverter</Filter>
    </ClCompile>
    <ClCompile Include="enumcd.cpp">
      <Filter>Include</Filter>
    </ClCompile>
    <ClCompile Include="Serial.cpp">
      <Filter>Include</Filter>
    </ClCompile>
    <ClCompile Include="UsbPort.cpp">
      <Filter>Include</Filter>
    </ClCompile>
  </ItemGroup>
  <ItemGroup>
    <Image Include="res\test_finger.ico">
      <Filter>资源文件</Filter>
    </Image>
  </ItemGroup>
  <ItemGroup>
    <ResourceCompile Include="test_finger.rc">
      <Filter>资源文件</Filter>
    </ResourceCompile>
  </ItemGroup>
  <ItemGroup>
    <None Include="res\test_finger.rc2">
      <Filter>资源文件</Filter>
    </None>
    <None Include="cpp.hint" />
  </ItemGroup>
</Project>